
Microsoft Visual Studio Solution File, Format Version 12.00
# Visual Studio Version 17
VisualStudioVersion = 17.14.36511.14
MinimumVisualStudioVersion = 10.0.40219.1
Project("{FAE04EC0-301F-11D3-BF4B-00C04F79EFBC}") = "EtiWeb", "EtiWeb\EtiWeb.csproj", "{76693DB7-4879-4C8A-9B60-30B0BD2F6ADE}"
EndProject
Project("{FAE04EC0-301F-11D3-BF4B-00C04F79EFBC}") = "EtiWebUsers", "EtiWebUsers\EtiWebUsers.csproj", "{C8B708C5-30F0-582C-8E1C-77B3E3436E63}"
EndProject
Global
	GlobalSection(SolutionConfigurationPlatforms) = preSolution
		Debug|Any CPU = Debug|Any CPU
		Release|Any CPU = Release|Any CPU
	EndGlobalSection
	GlobalSection(ProjectConfigurationPlatforms) = postSolution
		{76693DB7-4879-4C8A-9B60-30B0BD2F6ADE}.Debug|Any CPU.ActiveCfg = Debug|Any CPU
		{76693DB7-4879-4C8A-9B60-30B0BD2F6ADE}.Debug|Any CPU.Build.0 = Debug|Any CPU
		{76693DB7-4879-4C8A-9B60-30B0BD2F6ADE}.Release|Any CPU.ActiveCfg = Release|Any CPU
		{76693DB7-4879-4C8A-9B60-30B0BD2F6ADE}.Release|Any CPU.Build.0 = Release|Any CPU
		{C8B708C5-30F0-582C-8E1C-77B3E3436E63}.Debug|Any CPU.ActiveCfg = Debug|Any CPU
		{C8B708C5-30F0-582C-8E1C-77B3E3436E63}.Debug|Any CPU.Build.0 = Debug|Any CPU
		{C8B708C5-30F0-582C-8E1C-77B3E3436E63}.Release|Any CPU.ActiveCfg = Release|Any CPU
		{C8B708C5-30F0-582C-8E1C-77B3E3436E63}.Release|Any CPU.Build.0 = Release|Any CPU
	EndGlobalSection
	GlobalSection(SolutionProperties) = preSolution
		HideSolutionNode = FALSE
	EndGlobalSection
	GlobalSection(ExtensibilityGlobals) = postSolution
		SolutionGuid = {EEB82B49-D69D-42F2-AA13-592ADEBE139D}
	EndGlobalSection
EndGlobal
